
Microsoft Visual Studio Solution File, Format Version 12.00
# Visual Studio 15
VisualStudioVersion = 15.0.27703.2042
MinimumVisualStudioVersion = 10.0.40219.1
Project("{FAE04EC0-301F-11D3-BF4B-00C04F79EFBC}") = "WebApp", "WebApp\WebApp.csproj", "{4FAB0996-F468-45DD-AF71-8937593EAFFE}"
EndProject
Global
	GlobalSection(SolutionConfigurationPlatforms) = preSolution
		Debug|Any CPU = Debug|Any CPU
		Release|Any CPU = Release|Any CPU
	EndGlobalSection
	GlobalSection(ProjectConfigurationPlatforms) = postSolution
		{4FAB0996-F468-45DD-AF71-8937593EAFFE}.Debug|Any CPU.ActiveCfg = Debug|Any CPU
		{4FAB0996-F468-45DD-AF71-8937593EAFFE}.Debug|Any CPU.Build.0 = Debug|Any CPU
		{4FAB0996-F468-45DD-AF71-8937593EAFFE}.Release|Any CPU.ActiveCfg = Release|Any CPU
		{4FAB0996-F468-45DD-AF71-8937593EAFFE}.Release|Any CPU.Build.0 = Release|Any CPU
	EndGlobalSection
	GlobalSection(SolutionProperties) = preSolution
		HideSolutionNode = FALSE
	EndGlobalSection
	GlobalSection(ExtensibilityGlobals) = postSolution
		SolutionGuid = {2D1C7A6B-2111-49B8-A874-51FE39D2DB28}
	EndGlobalSection
EndGlobal
